
Microsoft Visual Studio Solution File, Format Version 12.00
# Visual Studio Version 17
VisualStudioVersion = 17.7.34024.191
MinimumVisualStudioVersion = 10.0.40219.1
Project("{8BC9CEB8-8B4A-11D0-8D11-00A0C91BC942}") = "DE", "DE\DE.vcxproj", "{22DCB77A-E5A5-4FD0-8F3C-01AFF5485619}"
EndProject
Global
	GlobalSection(SolutionConfigurationPlatforms) = preSolution
		Debug|x64 = Debug|x64
		Debug|x86 = Debug|x86
		Release|x64 = Release|x64
		Release|x86 = Release|x86
	EndGlobalSection
	GlobalSection(ProjectConfigurationPlatforms) = postSolution
		{22DCB77A-E5A5-4FD0-8F3C-01AFF5485619}.Debug|x64.ActiveCfg = Debug|x64
		{22DCB77A-E5A5-4FD0-8F3C-01AFF5485619}.Debug|x64.Build.0 = Debug|x64
		{22DCB77A-E5A5-4FD0-8F3C-01AFF5485619}.Debug|x86.ActiveCfg = Debug|Win32
		{22DCB77A-E5A5-4FD0-8F3C-01AFF5485619}.Debug|x86.Build.0 = Debug|Win32
		{22DCB77A-E5A5-4FD0-8F3C-01AFF5485619}.Release|x64.ActiveCfg = Release|x64
		{22DCB77A-E5A5-4FD0-8F3C-01AFF5485619}.Release|x64.Build.0 = Release|x64
		{22DCB77A-E5A5-4FD0-8F3C-01AFF5485619}.Release|x86.ActiveCfg = Release|Win32
		{22DCB77A-E5A5-4FD0-8F3C-01AFF5485619}.Release|x86.Build.0 = Release|Win32
	EndGlobalSection
	GlobalSection(SolutionProperties) = preSolution
		HideSolutionNode = FALSE
	EndGlobalSection
	GlobalSection(ExtensibilityGlobals) = postSolution
		SolutionGuid = {779D1E45-7716-4A8E-B2E7-40C688D85DA5}
	EndGlobalSection
EndGlobal
